// !$*UTF8*$!
{
	archiveVersion = 1;
	classes = {
	};
	objectVersion = 56;
	objects = {

/* Begin PBXBuildFile section */
		2F67C6502ADC3B1F005A60AE /* HomeFactory.swift in Sources */ = {isa = PBXBuildFile; fileRef = 2F67C64F2ADC3B1F005A60AE /* HomeFactory.swift */; };
		2F67C6522ADC4E3C005A60AE /* UserInfoFactory.swift in Sources */ = {isa = PBXBuildFile; fileRef = 2F67C6512ADC4E3C005A60AE /* UserInfoFactory.swift */; };
		2F67C6542ADD9D7F005A60AE /* UserInfoInteractor.swift in Sources */ = {isa = PBXBuildFile; fileRef = 2F67C6532ADD9D7F005A60AE /* UserInfoInteractor.swift */; };
		2F67C6562ADF1F6F005A60AE /* HomeView.swift in Sources */ = {isa = PBXBuildFile; fileRef = 2F67C6552ADF1F6F005A60AE /* HomeView.swift */; };
		2F67C6582ADF254F005A60AE /* UserInfoView.swift in Sources */ = {isa = PBXBuildFile; fileRef = 2F67C6572ADF254F005A60AE /* UserInfoView.swift */; };
		2F67C65A2AE16D9D005A60AE /* Settings.swift in Sources */ = {isa = PBXBuildFile; fileRef = 2F67C6592AE16D9D005A60AE /* Settings.swift */; };
		2F67C65C2AE6FC17005A60AE /* Repos.swift in Sources */ = {isa = PBXBuildFile; fileRef = 2F67C65B2AE6FC17005A60AE /* Repos.swift */; };
		2F67C6612AE7EF77005A60AE /* RepositorieCardView.swift in Sources */ = {isa = PBXBuildFile; fileRef = 2F67C6602AE7EF77005A60AE /* RepositorieCardView.swift */; };
		2F79D0DD2AEB2D0C00D2CE62 /* UserInfoPresenter.swift in Sources */ = {isa = PBXBuildFile; fileRef = 2F79D0DC2AEB2D0C00D2CE62 /* UserInfoPresenter.swift */; };
		2F79D0DF2AF1216900D2CE62 /* HomeCoordinator.swift in Sources */ = {isa = PBXBuildFile; fileRef = 2F79D0DE2AF1216900D2CE62 /* HomeCoordinator.swift */; };
		2FB95FA02AD87CEA00DF96DD /* AppDelegate.swift in Sources */ = {isa = PBXBuildFile; fileRef = 2FB95F9F2AD87CEA00DF96DD /* AppDelegate.swift */; };
		2FB95FA22AD87CEA00DF96DD /* SceneDelegate.swift in Sources */ = {isa = PBXBuildFile; fileRef = 2FB95FA12AD87CEA00DF96DD /* SceneDelegate.swift */; };
		2FB95FA42AD87CEA00DF96DD /* HomeViewController.swift in Sources */ = {isa = PBXBuildFile; fileRef = 2FB95FA32AD87CEA00DF96DD /* HomeViewController.swift */; };
		2FB95FA92AD87CEC00DF96DD /* Assets.xcassets in Resources */ = {isa = PBXBuildFile; fileRef = 2FB95FA82AD87CEC00DF96DD /* Assets.xcassets */; };
		2FB95FAC2AD87CEC00DF96DD /* LaunchScreen.storyboard in Resources */ = {isa = PBXBuildFile; fileRef = 2FB95FAA2AD87CEC00DF96DD /* LaunchScreen.storyboard */; };
		2FB95FB72AD87CEC00DF96DD /* GithubTests.swift in Sources */ = {isa = PBXBuildFile; fileRef = 2FB95FB62AD87CEC00DF96DD /* GithubTests.swift */; };
		2FB95FC12AD87CEC00DF96DD /* GithubUITests.swift in Sources */ = {isa = PBXBuildFile; fileRef = 2FB95FC02AD87CEC00DF96DD /* GithubUITests.swift */; };
		2FB95FC32AD87CEC00DF96DD /* GithubUITestsLaunchTests.swift in Sources */ = {isa = PBXBuildFile; fileRef = 2FB95FC22AD87CEC00DF96DD /* GithubUITestsLaunchTests.swift */; };
		2FB95FD62AD990DC00DF96DD /* HomePresenter.swift in Sources */ = {isa = PBXBuildFile; fileRef = 2FB95FD52AD990DC00DF96DD /* HomePresenter.swift */; };
		2FB95FD82AD990E600DF96DD /* HomeInteractor.swift in Sources */ = {isa = PBXBuildFile; fileRef = 2FB95FD72AD990E600DF96DD /* HomeInteractor.swift */; };
		2FB95FDD2AD9B6C500DF96DD /* UserInfo.swift in Sources */ = {isa = PBXBuildFile; fileRef = 2FB95FDC2AD9B6C500DF96DD /* UserInfo.swift */; };
		2FB95FE02AD9F9E700DF96DD /* UserInfoViewController.swift in Sources */ = {isa = PBXBuildFile; fileRef = 2FB95FDF2AD9F9E600DF96DD /* UserInfoViewController.swift */; };
/* End PBXBuildFile section */

/* Begin PBXContainerItemProxy section */
		2FB95FB32AD87CEC00DF96DD /* PBXContainerItemProxy */ = {
			isa = PBXContainerItemProxy;
			containerPortal = 2FB95F942AD87CEA00DF96DD /* Project object */;
			proxyType = 1;
			remoteGlobalIDString = 2FB95F9B2AD87CEA00DF96DD;
			remoteInfo = Github;
		};
		2FB95FBD2AD87CEC00DF96DD /* PBXContainerItemProxy */ = {
			isa = PBXContainerItemProxy;
			containerPortal = 2FB95F942AD87CEA00DF96DD /* Project object */;
			proxyType = 1;
			remoteGlobalIDString = 2FB95F9B2AD87CEA00DF96DD;
			remoteInfo = Github;
		};
/* End PBXContainerItemProxy section */

/* Begin PBXFileReference section */
		2F67C64F2ADC3B1F005A60AE /* HomeFactory.swift */ = {isa = PBXFileReference; lastKnownFileType = sourcecode.swift; path = HomeFactory.swift; sourceTree = "<group>"; };
		2F67C6512ADC4E3C005A60AE /* UserInfoFactory.swift */ = {isa = PBXFileReference; lastKnownFileType = sourcecode.swift; path = UserInfoFactory.swift; sourceTree = "<group>"; };
		2F67C6532ADD9D7F005A60AE /* UserInfoInteractor.swift */ = {isa = PBXFileReference; lastKnownFileType = sourcecode.swift; path = UserInfoInteractor.swift; sourceTree = "<group>"; };
		2F67C6552ADF1F6F005A60AE /* HomeView.swift */ = {isa = PBXFileReference; lastKnownFileType = sourcecode.swift; path = HomeView.swift; sourceTree = "<group>"; };
		2F67C6572ADF254F005A60AE /* UserInfoView.swift */ = {isa = PBXFileReference; lastKnownFileType = sourcecode.swift; path = UserInfoView.swift; sourceTree = "<group>"; };
		2F67C6592AE16D9D005A60AE /* Settings.swift */ = {isa = PBXFileReference; lastKnownFileType = sourcecode.swift; path = Settings.swift; sourceTree = "<group>"; };
		2F67C65B2AE6FC17005A60AE /* Repos.swift */ = {isa = PBXFileReference; lastKnownFileType = sourcecode.swift; path = Repos.swift; sourceTree = "<group>"; };
		2F67C6602AE7EF77005A60AE /* RepositorieCardView.swift */ = {isa = PBXFileReference; lastKnownFileType = sourcecode.swift; path = RepositorieCardView.swift; sourceTree = "<group>"; };
		2F79D0DC2AEB2D0C00D2CE62 /* UserInfoPresenter.swift */ = {isa = PBXFileReference; lastKnownFileType = sourcecode.swift; path = UserInfoPresenter.swift; sourceTree = "<group>"; };
		2F79D0DE2AF1216900D2CE62 /* HomeCoordinator.swift */ = {isa = PBXFileReference; lastKnownFileType = sourcecode.swift; path = HomeCoordinator.swift; sourceTree = "<group>"; };
		2FB95F9C2AD87CEA00DF96DD /* Github.app */ = {isa = PBXFileReference; explicitFileType = wrapper.application; includeInIndex = 0; path = Github.app; sourceTree = BUILT_PRODUCTS_DIR; };
		2FB95F9F2AD87CEA00DF96DD /* AppDelegate.swift */ = {isa = PBXFileReference; lastKnownFileType = sourcecode.swift; path = AppDelegate.swift; sourceTree = "<group>"; };
		2FB95FA12AD87CEA00DF96DD /* SceneDelegate.swift */ = {isa = PBXFileReference; lastKnownFileType = sourcecode.swift; path = SceneDelegate.swift; sourceTree = "<group>"; };
		2FB95FA32AD87CEA00DF96DD /* HomeViewController.swift */ = {isa = PBXFileReference; lastKnownFileType = sourcecode.swift; path = HomeViewController.swift; sourceTree = "<group>"; };
		2FB95FA82AD87CEC00DF96DD /* Assets.xcassets */ = {isa = PBXFileReference; lastKnownFileType = folder.assetcatalog; path = Assets.xcassets; sourceTree = "<group>"; };
		2FB95FAB2AD87CEC00DF96DD /* Base */ = {isa = PBXFileReference; lastKnownFileType = file.storyboard; name = Base; path = Base.lproj/LaunchScreen.storyboard; sourceTree = "<group>"; };
		2FB95FAD2AD87CEC00DF96DD /* Info.plist */ = {isa = PBXFileReference; lastKnownFileType = text.plist.xml; path = Info.plist; sourceTree = "<group>"; };
		2FB95FB22AD87CEC00DF96DD /* GithubTests.xctest */ = {isa = PBXFileReference; explicitFileType = wrapper.cfbundle; includeInIndex = 0; path = GithubTests.xctest; sourceTree = BUILT_PRODUCTS_DIR; };
		2FB95FB62AD87CEC00DF96DD /* GithubTests.swift */ = {isa = PBXFileReference; lastKnownFileType = sourcecode.swift; path = GithubTests.swift; sourceTree = "<group>"; };
		2FB95FBC2AD87CEC00DF96DD /* GithubUITests.xctest */ = {isa = PBXFileReference; explicitFileType = wrapper.cfbundle; includeInIndex = 0; path = GithubUITests.xctest; sourceTree = BUILT_PRODUCTS_DIR; };
		2FB95FC02AD87CEC00DF96DD /* GithubUITests.swift */ = {isa = PBXFileReference; lastKnownFileType = sourcecode.swift; path = GithubUITests.swift; sourceTree = "<group>"; };
		2FB95FC22AD87CEC00DF96DD /* GithubUITestsLaunchTests.swift */ = {isa = PBXFileReference; lastKnownFileType = sourcecode.swift; path = GithubUITestsLaunchTests.swift; sourceTree = "<group>"; };
		2FB95FD52AD990DC00DF96DD /* HomePresenter.swift */ = {isa = PBXFileReference; lastKnownFileType = sourcecode.swift; path = HomePresenter.swift; sourceTree = "<group>"; };
		2FB95FD72AD990E600DF96DD /* HomeInteractor.swift */ = {isa = PBXFileReference; lastKnownFileType = sourcecode.swift; path = HomeInteractor.swift; sourceTree = "<group>"; };
		2FB95FDC2AD9B6C500DF96DD /* UserInfo.swift */ = {isa = PBXFileReference; lastKnownFileType = sourcecode.swift; path = UserInfo.swift; sourceTree = "<group>"; };
		2FB95FDF2AD9F9E600DF96DD /* UserInfoViewController.swift */ = {isa = PBXFileReference; lastKnownFileType = sourcecode.swift; path = UserInfoViewController.swift; sourceTree = "<group>"; };
/* End PBXFileReference section */

/* Begin PBXFrameworksBuildPhase section */
		2FB95F992AD87CEA00DF96DD /* Frameworks */ = {
			isa = PBXFrameworksBuildPhase;
			buildActionMask = 2147483647;
			files = (
			);
			runOnlyForDeploymentPostprocessing = 0;
		};
		2FB95FAF2AD87CEC00DF96DD /* Frameworks */ = {
			isa = PBXFrameworksBuildPhase;
			buildActionMask = 2147483647;
			files = (
			);
			runOnlyForDeploymentPostprocessing = 0;
		};
		2FB95FB92AD87CEC00DF96DD /* Frameworks */ = {
			isa = PBXFrameworksBuildPhase;
			buildActionMask = 2147483647;
			files = (
			);
			runOnlyForDeploymentPostprocessing = 0;
		};
/* End PBXFrameworksBuildPhase section */

/* Begin PBXGroup section */
		2F67C65D2AE7EF41005A60AE /* UI */ = {
			isa = PBXGroup;
			children = (
				2F67C65F2AE7EF58005A60AE /* RepositorieCard */,
			);
			path = UI;
			sourceTree = "<group>";
		};
		2F67C65F2AE7EF58005A60AE /* RepositorieCard */ = {
			isa = PBXGroup;
			children = (
				2F67C6602AE7EF77005A60AE /* RepositorieCardView.swift */,
			);
			path = RepositorieCard;
			sourceTree = "<group>";
		};
		2FB95F932AD87CEA00DF96DD = {
			isa = PBXGroup;
			children = (
				2FB95F9E2AD87CEA00DF96DD /* Github */,
				2FB95FB52AD87CEC00DF96DD /* GithubTests */,
				2FB95FBF2AD87CEC00DF96DD /* GithubUITests */,
				2FB95F9D2AD87CEA00DF96DD /* Products */,
			);
			sourceTree = "<group>";
		};
		2FB95F9D2AD87CEA00DF96DD /* Products */ = {
			isa = PBXGroup;
			children = (
				2FB95F9C2AD87CEA00DF96DD /* Github.app */,
				2FB95FB22AD87CEC00DF96DD /* GithubTests.xctest */,
				2FB95FBC2AD87CEC00DF96DD /* GithubUITests.xctest */,
			);
			name = Products;
			sourceTree = "<group>";
		};
		2FB95F9E2AD87CEA00DF96DD /* Github */ = {
			isa = PBXGroup;
			children = (
				2FB95FCF2AD87F9300DF96DD /* Resources */,
				2FB95FD92AD994EC00DF96DD /* Modules */,
				2FB95FAA2AD87CEC00DF96DD /* LaunchScreen.storyboard */,
				2FB95FAD2AD87CEC00DF96DD /* Info.plist */,
			);
			path = Github;
			sourceTree = "<group>";
		};
		2FB95FB52AD87CEC00DF96DD /* GithubTests */ = {
			isa = PBXGroup;
			children = (
				2FB95FB62AD87CEC00DF96DD /* GithubTests.swift */,
			);
			path = GithubTests;
			sourceTree = "<group>";
		};
		2FB95FBF2AD87CEC00DF96DD /* GithubUITests */ = {
			isa = PBXGroup;
			children = (
				2FB95FC02AD87CEC00DF96DD /* GithubUITests.swift */,
				2FB95FC22AD87CEC00DF96DD /* GithubUITestsLaunchTests.swift */,
			);
			path = GithubUITests;
			sourceTree = "<group>";
		};
		2FB95FCF2AD87F9300DF96DD /* Resources */ = {
			isa = PBXGroup;
			children = (
				2FB95FA82AD87CEC00DF96DD /* Assets.xcassets */,
				2FB95FA12AD87CEA00DF96DD /* SceneDelegate.swift */,
				2FB95F9F2AD87CEA00DF96DD /* AppDelegate.swift */,
			);
			path = Resources;
			sourceTree = "<group>";
		};
		2FB95FD92AD994EC00DF96DD /* Modules */ = {
			isa = PBXGroup;
			children = (
				2F67C65D2AE7EF41005A60AE /* UI */,
				2FB95FDB2AD9B6AC00DF96DD /* Models */,
				2FB95FDE2AD9F9D300DF96DD /* UserInfo */,
				2FB95FDA2AD994F400DF96DD /* Home */,
			);
			path = Modules;
			sourceTree = "<group>";
		};
		2FB95FDA2AD994F400DF96DD /* Home */ = {
			isa = PBXGroup;
			children = (
				2F67C64F2ADC3B1F005A60AE /* HomeFactory.swift */,
				2F67C6552ADF1F6F005A60AE /* HomeView.swift */,
				2FB95FA32AD87CEA00DF96DD /* HomeViewController.swift */,
				2FB95FD72AD990E600DF96DD /* HomeInteractor.swift */,
				2FB95FD52AD990DC00DF96DD /* HomePresenter.swift */,
				2F79D0DE2AF1216900D2CE62 /* HomeCoordinator.swift */,
			);
			path = Home;
			sourceTree = "<group>";
		};
		2FB95FDB2AD9B6AC00DF96DD /* Models */ = {
			isa = PBXGroup;
			children = (
				2FB95FDC2AD9B6C500DF96DD /* UserInfo.swift */,
				2F67C6592AE16D9D005A60AE /* Settings.swift */,
				2F67C65B2AE6FC17005A60AE /* Repos.swift */,
			);
			path = Models;
			sourceTree = "<group>";
		};
		2FB95FDE2AD9F9D300DF96DD /* UserInfo */ = {
			isa = PBXGroup;
			children = (
				2F67C6512ADC4E3C005A60AE /* UserInfoFactory.swift */,
				2F67C6572ADF254F005A60AE /* UserInfoView.swift */,
				2FB95FDF2AD9F9E600DF96DD /* UserInfoViewController.swift */,
				2F67C6532ADD9D7F005A60AE /* UserInfoInteractor.swift */,
				2F79D0DC2AEB2D0C00D2CE62 /* UserInfoPresenter.swift */,
			);
			path = UserInfo;
			sourceTree = "<group>";
		};
/* End PBXGroup section */

/* Begin PBXNativeTarget section */
		2FB95F9B2AD87CEA00DF96DD /* Github */ = {
			isa = PBXNativeTarget;
			buildConfigurationList = 2FB95FC62AD87CEC00DF96DD /* Build configuration list for PBXNativeTarget "Github" */;
			buildPhases = (
				2FB95F982AD87CEA00DF96DD /* Sources */,
				2FB95F992AD87CEA00DF96DD /* Frameworks */,
				2FB95F9A2AD87CEA00DF96DD /* Resources */,
			);
			buildRules = (
			);
			dependencies = (
			);
			name = Github;
			productName = Github;
			productReference = 2FB95F9C2AD87CEA00DF96DD /* Github.app */;
			productType = "com.apple.product-type.application";
		};
		2FB95FB12AD87CEC00DF96DD /* GithubTests */ = {
			isa = PBXNativeTarget;
			buildConfigurationList = 2FB95FC92AD87CEC00DF96DD /* Build configuration list for PBXNativeTarget "GithubTests" */;
			buildPhases = (
				2FB95FAE2AD87CEC00DF96DD /* Sources */,
				2FB95FAF2AD87CEC00DF96DD /* Frameworks */,
				2FB95FB02AD87CEC00DF96DD /* Resources */,
			);
			buildRules = (
			);
			dependencies = (
				2FB95FB42AD87CEC00DF96DD /* PBXTargetDependency */,
			);
			name = GithubTests;
			productName = GithubTests;
			productReference = 2FB95FB22AD87CEC00DF96DD /* GithubTests.xctest */;
			productType = "com.apple.product-type.bundle.unit-test";
		};
		2FB95FBB2AD87CEC00DF96DD /* GithubUITests */ = {
			isa = PBXNativeTarget;
			buildConfigurationList = 2FB95FCC2AD87CEC00DF96DD /* Build configuration list for PBXNativeTarget "GithubUITests" */;
			buildPhases = (
				2FB95FB82AD87CEC00DF96DD /* Sources */,
				2FB95FB92AD87CEC00DF96DD /* Frameworks */,
				2FB95FBA2AD87CEC00DF96DD /* Resources */,
			);
			buildRules = (
			);
			dependencies = (
				2FB95FBE2AD87CEC00DF96DD /* PBXTargetDependency */,
			);
			name = GithubUITests;
			productName = GithubUITests;
			productReference = 2FB95FBC2AD87CEC00DF96DD /* GithubUITests.xctest */;
			productType = "com.apple.product-type.bundle.ui-testing";
		};
/* End PBXNativeTarget section */

/* Begin PBXProject section */
		2FB95F942AD87CEA00DF96DD /* Project object */ = {
			isa = PBXProject;
			attributes = {
				BuildIndependentTargetsInParallel = 1;
				LastSwiftUpdateCheck = 1500;
				LastUpgradeCheck = 1500;
				TargetAttributes = {
					2FB95F9B2AD87CEA00DF96DD = {
						CreatedOnToolsVersion = 15.0;
					};
					2FB95FB12AD87CEC00DF96DD = {
						CreatedOnToolsVersion = 15.0;
						TestTargetID = 2FB95F9B2AD87CEA00DF96DD;
					};
					2FB95FBB2AD87CEC00DF96DD = {
						CreatedOnToolsVersion = 15.0;
						TestTargetID = 2FB95F9B2AD87CEA00DF96DD;
					};
				};
			};
			buildConfigurationList = 2FB95F972AD87CEA00DF96DD /* Build configuration list for PBXProject "Github" */;
			compatibilityVersion = "Xcode 14.0";
			developmentRegion = en;
			hasScannedForEncodings = 0;
			knownRegions = (
				en,
				Base,
			);
			mainGroup = 2FB95F932AD87CEA00DF96DD;
			productRefGroup = 2FB95F9D2AD87CEA00DF96DD /* Products */;
			projectDirPath = "";
			projectRoot = "";
			targets = (
				2FB95F9B2AD87CEA00DF96DD /* Github */,
				2FB95FB12AD87CEC00DF96DD /* GithubTests */,
				2FB95FBB2AD87CEC00DF96DD /* GithubUITests */,
			);
		};
/* End PBXProject section */

/* Begin PBXResourcesBuildPhase section */
		2FB95F9A2AD87CEA00DF96DD /* Resources */ = {
			isa = PBXResourcesBuildPhase;
			buildActionMask = 2147483647;
			files = (
				2FB95FAC2AD87CEC00DF96DD /* LaunchScreen.storyboard in Resources */,
				2FB95FA92AD87CEC00DF96DD /* Assets.xcassets in Resources */,
			);
			runOnlyForDeploymentPostprocessing = 0;
		};
		2FB95FB02AD87CEC00DF96DD /* Resources */ = {
			isa = PBXResourcesBuildPhase;
			buildActionMask = 2147483647;
			files = (
			);
			runOnlyForDeploymentPostprocessing = 0;
		};
		2FB95FBA2AD87CEC00DF96DD /* Resources */ = {
			isa = PBXResourcesBuildPhase;
			buildActionMask = 2147483647;
			files = (
			);
			runOnlyForDeploymentPostprocessing = 0;
		};
/* End PBXResourcesBuildPhase section */

/* Begin PBXSourcesBuildPhase section */
		2FB95F982AD87CEA00DF96DD /* Sources */ = {
			isa = PBXSourcesBuildPhase;
			buildActionMask = 2147483647;
			files = (
				2F67C65C2AE6FC17005A60AE /* Repos.swift in Sources */,
				2FB95FA42AD87CEA00DF96DD /* HomeViewController.swift in Sources */,
				2F67C6542ADD9D7F005A60AE /* UserInfoInteractor.swift in Sources */,
				2F79D0DF2AF1216900D2CE62 /* HomeCoordinator.swift in Sources */,
				2F67C6502ADC3B1F005A60AE /* HomeFactory.swift in Sources */,
				2FB95FE02AD9F9E700DF96DD /* UserInfoViewController.swift in Sources */,
				2F79D0DD2AEB2D0C00D2CE62 /* UserInfoPresenter.swift in Sources */,
				2F67C65A2AE16D9D005A60AE /* Settings.swift in Sources */,
				2FB95FA02AD87CEA00DF96DD /* AppDelegate.swift in Sources */,
				2FB95FA22AD87CEA00DF96DD /* SceneDelegate.swift in Sources */,
				2FB95FD82AD990E600DF96DD /* HomeInteractor.swift in Sources */,
				2FB95FD62AD990DC00DF96DD /* HomePresenter.swift in Sources */,
				2FB95FDD2AD9B6C500DF96DD /* UserInfo.swift in Sources */,
				2F67C6562ADF1F6F005A60AE /* HomeView.swift in Sources */,
				2F67C6582ADF254F005A60AE /* UserInfoView.swift in Sources */,
				2F67C6522ADC4E3C005A60AE /* UserInfoFactory.swift in Sources */,
				2F67C6612AE7EF77005A60AE /* RepositorieCardView.swift in Sources */,
			);
			runOnlyForDeploymentPostprocessing = 0;
		};
		2FB95FAE2AD87CEC00DF96DD /* Sources */ = {
			isa = PBXSourcesBuildPhase;
			buildActionMask = 2147483647;
			files = (
				2FB95FB72AD87CEC00DF96DD /* GithubTests.swift in Sources */,
			);
			runOnlyForDeploymentPostprocessing = 0;
		};
		2FB95FB82AD87CEC00DF96DD /* Sources */ = {
			isa = PBXSourcesBuildPhase;
			buildActionMask = 2147483647;
			files = (
				2FB95FC12AD87CEC00DF96DD /* GithubUITests.swift in Sources */,
				2FB95FC32AD87CEC00DF96DD /* GithubUITestsLaunchTests.swift in Sources */,
			);
			runOnlyForDeploymentPostprocessing = 0;
		};
/* End PBXSourcesBuildPhase section */

/* Begin PBXTargetDependency section */
		2FB95FB42AD87CEC00DF96DD /* PBXTargetDependency */ = {
			isa = PBXTargetDependency;
			target = 2FB95F9B2AD87CEA00DF96DD /* Github */;
			targetProxy = 2FB95FB32AD87CEC00DF96DD /* PBXContainerItemProxy */;
		};
		2FB95FBE2AD87CEC00DF96DD /* PBXTargetDependency */ = {
			isa = PBXTargetDependency;
			target = 2FB95F9B2AD87CEA00DF96DD /* Github */;
			targetProxy = 2FB95FBD2AD87CEC00DF96DD /* PBXContainerItemProxy */;
		};
/* End PBXTargetDependency section */

/* Begin PBXVariantGroup section */
		2FB95FAA2AD87CEC00DF96DD /* LaunchScreen.storyboard */ = {
			isa = PBXVariantGroup;
			children = (
				2FB95FAB2AD87CEC00DF96DD /* Base */,
			);
			name = LaunchScreen.storyboard;
			sourceTree = "<group>";
		};
/* End PBXVariantGroup section */

/* Begin XCBuildConfiguration section */
		2FB95FC42AD87CEC00DF96DD /* Debug */ = {
			isa = XCBuildConfiguration;
			buildSettings = {
				ALWAYS_SEARCH_USER_PATHS = NO;
				ASSETCATALOG_COMPILER_GENERATE_SWIFT_ASSET_SYMBOL_EXTENSIONS = YES;
				CLANG_ANALYZER_NONNULL = YES;
				CLANG_ANALYZER_NUMBER_OBJECT_CONVERSION = YES_AGGRESSIVE;
				CLANG_CXX_LANGUAGE_STANDARD = "gnu++20";
				CLANG_ENABLE_MODULES = YES;
				CLANG_ENABLE_OBJC_ARC = YES;
				CLANG_ENABLE_OBJC_WEAK = YES;
				CLANG_WARN_BLOCK_CAPTURE_AUTORELEASING = YES;
				CLANG_WARN_BOOL_CONVERSION = YES;
				CLANG_WARN_COMMA = YES;
				CLANG_WARN_CONSTANT_CONVERSION = YES;
				CLANG_WARN_DEPRECATED_OBJC_IMPLEMENTATIONS = YES;
				CLANG_WARN_DIRECT_OBJC_ISA_USAGE = YES_ERROR;
				CLANG_WARN_DOCUMENTATION_COMMENTS = YES;
				CLANG_WARN_EMPTY_BODY = YES;
				CLANG_WARN_ENUM_CONVERSION = YES;
				CLANG_WARN_INFINITE_RECURSION = YES;
				CLANG_WARN_INT_CONVERSION = YES;
				CLANG_WARN_NON_LITERAL_NULL_CONVERSION = YES;
				CLANG_WARN_OBJC_IMPLICIT_RETAIN_SELF = YES;
				CLANG_WARN_OBJC_LITERAL_CONVERSION = YES;
				CLANG_WARN_OBJC_ROOT_CLASS = YES_ERROR;
				CLANG_WARN_QUOTED_INCLUDE_IN_FRAMEWORK_HEADER = YES;
				CLANG_WARN_RANGE_LOOP_ANALYSIS = YES;
				CLANG_WARN_STRICT_PROTOTYPES = YES;
				CLANG_WARN_SUSPICIOUS_MOVE = YES;
				CLANG_WARN_UNGUARDED_AVAILABILITY = YES_AGGRESSIVE;
				CLANG_WARN_UNREACHABLE_CODE = YES;
				CLANG_WARN__DUPLICATE_METHOD_MATCH = YES;
				COPY_PHASE_STRIP = NO;
				DEBUG_INFORMATION_FORMAT = dwarf;
				ENABLE_STRICT_OBJC_MSGSEND = YES;
				ENABLE_TESTABILITY = YES;
				ENABLE_USER_SCRIPT_SANDBOXING = YES;
				GCC_C_LANGUAGE_STANDARD = gnu17;
				GCC_DYNAMIC_NO_PIC = NO;
				GCC_NO_COMMON_BLOCKS = YES;
				GCC_OPTIMIZATION_LEVEL = 0;
				GCC_PREPROCESSOR_DEFINITIONS = (
					"DEBUG=1",
					"$(inherited)",
				);
				GCC_WARN_64_TO_32_BIT_CONVERSION = YES;
				GCC_WARN_ABOUT_RETURN_TYPE = YES_ERROR;
				GCC_WARN_UNDECLARED_SELECTOR = YES;
				GCC_WARN_UNINITIALIZED_AUTOS = YES_AGGRESSIVE;
				GCC_WARN_UNUSED_FUNCTION = YES;
				GCC_WARN_UNUSED_VARIABLE = YES;
				IPHONEOS_DEPLOYMENT_TARGET = 17.0;
				LOCALIZATION_PREFERS_STRING_CATALOGS = YES;
				MTL_ENABLE_DEBUG_INFO = INCLUDE_SOURCE;
				MTL_FAST_MATH = YES;
				ONLY_ACTIVE_ARCH = YES;
				SDKROOT = iphoneos;
				SWIFT_ACTIVE_COMPILATION_CONDITIONS = "DEBUG $(inherited)";
				SWIFT_OPTIMIZATION_LEVEL = "-Onone";
			};
			name = Debug;
		};
		2FB95FC52AD87CEC00DF96DD /* Release */ = {
			isa = XCBuildConfiguration;
			buildSettings = {
				ALWAYS_SEARCH_USER_PATHS = NO;
				ASSETCATALOG_COMPILER_GENERATE_SWIFT_ASSET_SYMBOL_EXTENSIONS = YES;
				CLANG_ANALYZER_NONNULL = YES;
				CLANG_ANALYZER_NUMBER_OBJECT_CONVERSION = YES_AGGRESSIVE;
				CLANG_CXX_LANGUAGE_STANDARD = "gnu++20";
				CLANG_ENABLE_MODULES = YES;
				CLANG_ENABLE_OBJC_ARC = YES;
				CLANG_ENABLE_OBJC_WEAK = YES;
				CLANG_WARN_BLOCK_CAPTURE_AUTORELEASING = YES;
				CLANG_WARN_BOOL_CONVERSION = YES;
				CLANG_WARN_COMMA = YES;
				CLANG_WARN_CONSTANT_CONVERSION = YES;
				CLANG_WARN_DEPRECATED_OBJC_IMPLEMENTATIONS = YES;
				CLANG_WARN_DIRECT_OBJC_ISA_USAGE = YES_ERROR;
				CLANG_WARN_DOCUMENTATION_COMMENTS = YES;
				CLANG_WARN_EMPTY_BODY = YES;
				CLANG_WARN_ENUM_CONVERSION = YES;
				CLANG_WARN_INFINITE_RECURSION = YES;
				CLANG_WARN_INT_CONVERSION = YES;
				CLANG_WARN_NON_LITERAL_NULL_CONVERSION = YES;
				CLANG_WARN_OBJC_IMPLICIT_RETAIN_SELF = YES;
				CLANG_WARN_OBJC_LITERAL_CONVERSION = YES;
				CLANG_WARN_OBJC_ROOT_CLASS = YES_ERROR;
				CLANG_WARN_QUOTED_INCLUDE_IN_FRAMEWORK_HEADER = YES;
				CLANG_WARN_RANGE_LOOP_ANALYSIS = YES;
				CLANG_WARN_STRICT_PROTOTYPES = YES;
				CLANG_WARN_SUSPICIOUS_MOVE = YES;
				CLANG_WARN_UNGUARDED_AVAILABILITY = YES_AGGRESSIVE;
				CLANG_WARN_UNREACHABLE_CODE = YES;
				CLANG_WARN__DUPLICATE_METHOD_MATCH = YES;
				COPY_PHASE_STRIP = NO;
				DEBUG_INFORMATION_FORMAT = "dwarf-with-dsym";
				ENABLE_NS_ASSERTIONS = NO;
				ENABLE_STRICT_OBJC_MSGSEND = YES;
				ENABLE_USER_SCRIPT_SANDBOXING = YES;
				GCC_C_LANGUAGE_STANDARD = gnu17;
				GCC_NO_COMMON_BLOCKS = YES;
				GCC_WARN_64_TO_32_BIT_CONVERSION = YES;
				GCC_WARN_ABOUT_RETURN_TYPE = YES_ERROR;
				GCC_WARN_UNDECLARED_SELECTOR = YES;
				GCC_WARN_UNINITIALIZED_AUTOS = YES_AGGRESSIVE;
				GCC_WARN_UNUSED_FUNCTION = YES;
				GCC_WARN_UNUSED_VARIABLE = YES;
				IPHONEOS_DEPLOYMENT_TARGET = 17.0;
				LOCALIZATION_PREFERS_STRING_CATALOGS = YES;
				MTL_ENABLE_DEBUG_INFO = NO;
				MTL_FAST_MATH = YES;
				SDKROOT = iphoneos;
				SWIFT_COMPILATION_MODE = wholemodule;
				VALIDATE_PRODUCT = YES;
			};
			name = Release;
		};
		2FB95FC72AD87CEC00DF96DD /* Debug */ = {
			isa = XCBuildConfiguration;
			buildSettings = {
				ASSETCATALOG_COMPILER_APPICON_NAME = AppIcon;
				ASSETCATALOG_COMPILER_GLOBAL_ACCENT_COLOR_NAME = AccentColor;
				CODE_SIGN_STYLE = Automatic;
				CURRENT_PROJECT_VERSION = 1;
				GENERATE_INFOPLIST_FILE = YES;
				INFOPLIST_FILE = Github/Info.plist;
				INFOPLIST_KEY_UIApplicationSupportsIndirectInputEvents = YES;
				INFOPLIST_KEY_UILaunchStoryboardName = LaunchScreen;
				INFOPLIST_KEY_UISupportedInterfaceOrientations_iPad = "UIInterfaceOrientationPortrait UIInterfaceOrientationPortraitUpsideDown UIInterfaceOrientationLandscapeLeft UIInterfaceOrientationLandscapeRight";
				INFOPLIST_KEY_UISupportedInterfaceOrientations_iPhone = "UIInterfaceOrientationPortrait UIInterfaceOrientationLandscapeLeft UIInterfaceOrientationLandscapeRight";
				LD_RUNPATH_SEARCH_PATHS = (
					"$(inherited)",
					"@executable_path/Frameworks",
				);
				MARKETING_VERSION = 1.0;
				PRODUCT_BUNDLE_IDENTIFIER = com.viewcode.Github;
				PRODUCT_NAME = "$(TARGET_NAME)";
				SWIFT_EMIT_LOC_STRINGS = YES;
				SWIFT_VERSION = 5.0;
				TARGETED_DEVICE_FAMILY = "1,2";
			};
			name = Debug;
		};
		2FB95FC82AD87CEC00DF96DD /* Release */ = {
			isa = XCBuildConfiguration;
			buildSettings = {
				ASSETCATALOG_COMPILER_APPICON_NAME = AppIcon;
				ASSETCATALOG_COMPILER_GLOBAL_ACCENT_COLOR_NAME = AccentColor;
				CODE_SIGN_STYLE = Automatic;
				CURRENT_PROJECT_VERSION = 1;
				GENERATE_INFOPLIST_FILE = YES;
				INFOPLIST_FILE = Github/Info.plist;
				INFOPLIST_KEY_UIApplicationSupportsIndirectInputEvents = YES;
				INFOPLIST_KEY_UILaunchStoryboardName = LaunchScreen;
				INFOPLIST_KEY_UISupportedInterfaceOrientations_iPad = "UIInterfaceOrientationPortrait UIInterfaceOrientationPortraitUpsideDown UIInterfaceOrientationLandscapeLeft UIInterfaceOrientationLandscapeRight";
				INFOPLIST_KEY_UISupportedInterfaceOrientations_iPhone = "UIInterfaceOrientationPortrait UIInterfaceOrientationLandscapeLeft UIInterfaceOrientationLandscapeRight";
				LD_RUNPATH_SEARCH_PATHS = (
					"$(inherited)",
					"@executable_path/Frameworks",
				);
				MARKETING_VERSION = 1.0;
				PRODUCT_BUNDLE_IDENTIFIER = com.viewcode.Github;
				PRODUCT_NAME = "$(TARGET_NAME)";
				SWIFT_EMIT_LOC_STRINGS = YES;
				SWIFT_VERSION = 5.0;
				TARGETED_DEVICE_FAMILY = "1,2";
			};
			name = Release;
		};
		2FB95FCA2AD87CEC00DF96DD /* Debug */ = {
			isa = XCBuildConfiguration;
			buildSettings = {
				ALWAYS_EMBED_SWIFT_STANDARD_LIBRARIES = YES;
				BUNDLE_LOADER = "$(TEST_HOST)";
				CODE_SIGN_STYLE = Automatic;
				CURRENT_PROJECT_VERSION = 1;
				GENERATE_INFOPLIST_FILE = YES;
				IPHONEOS_DEPLOYMENT_TARGET = 17.0;
				MARKETING_VERSION = 1.0;
				PRODUCT_BUNDLE_IDENTIFIER = com.viewcode.GithubTests;
				PRODUCT_NAME = "$(TARGET_NAME)";
				SWIFT_EMIT_LOC_STRINGS = NO;
				SWIFT_VERSION = 5.0;
				TARGETED_DEVICE_FAMILY = "1,2";
				TEST_HOST = "$(BUILT_PRODUCTS_DIR)/Github.app/$(BUNDLE_EXECUTABLE_FOLDER_PATH)/Github";
			};
			name = Debug;
		};
		2FB95FCB2AD87CEC00DF96DD /* Release */ = {
			isa = XCBuildConfiguration;
			buildSettings = {
				ALWAYS_EMBED_SWIFT_STANDARD_LIBRARIES = YES;
				BUNDLE_LOADER = "$(TEST_HOST)";
				CODE_SIGN_STYLE = Automatic;
				CURRENT_PROJECT_VERSION = 1;
				GENERATE_INFOPLIST_FILE = YES;
				IPHONEOS_DEPLOYMENT_TARGET = 17.0;
				MARKETING_VERSION = 1.0;
				PRODUCT_BUNDLE_IDENTIFIER = com.viewcode.GithubTests;
				PRODUCT_NAME = "$(TARGET_NAME)";
				SWIFT_EMIT_LOC_STRINGS = NO;
				SWIFT_VERSION = 5.0;
				TARGETED_DEVICE_FAMILY = "1,2";
				TEST_HOST = "$(BUILT_PRODUCTS_DIR)/Github.app/$(BUNDLE_EXECUTABLE_FOLDER_PATH)/Github";
			};
			name = Release;
		};
		2FB95FCD2AD87CEC00DF96DD /* Debug */ = {
			isa = XCBuildConfiguration;
			buildSettings = {
				ALWAYS_EMBED_SWIFT_STANDARD_LIBRARIES = YES;
				CODE_SIGN_STYLE = Automatic;
				CURRENT_PROJECT_VERSION = 1;
				GENERATE_INFOPLIST_FILE = YES;
				MARKETING_VERSION = 1.0;
				PRODUCT_BUNDLE_IDENTIFIER = com.viewcode.GithubUITests;
				PRODUCT_NAME = "$(TARGET_NAME)";
				SWIFT_EMIT_LOC_STRINGS = NO;
				SWIFT_VERSION = 5.0;
				TARGETED_DEVICE_FAMILY = "1,2";
				TEST_TARGET_NAME = Github;
			};
			name = Debug;
		};
		2FB95FCE2AD87CEC00DF96DD /* Release */ = {
			isa = XCBuildConfiguration;
			buildSettings = {
				ALWAYS_EMBED_SWIFT_STANDARD_LIBRARIES = YES;
				CODE_SIGN_STYLE = Automatic;
				CURRENT_PROJECT_VERSION = 1;
				GENERATE_INFOPLIST_FILE = YES;
				MARKETING_VERSION = 1.0;
				PRODUCT_BUNDLE_IDENTIFIER = com.viewcode.GithubUITests;
				PRODUCT_NAME = "$(TARGET_NAME)";
				SWIFT_EMIT_LOC_STRINGS = NO;
				SWIFT_VERSION = 5.0;
				TARGETED_DEVICE_FAMILY = "1,2";
				TEST_TARGET_NAME = Github;
			};
			name = Release;
		};
/* End XCBuildConfiguration section */

/* Begin XCConfigurationList section */
		2FB95F972AD87CEA00DF96DD /* Build configuration list for PBXProject "Github" */ = {
			isa = XCConfigurationList;
			buildConfigurations = (
				2FB95FC42AD87CEC00DF96DD /* Debug */,
				2FB95FC52AD87CEC00DF96DD /* Release */,
			);
			defaultConfigurationIsVisible = 0;
			defaultConfigurationName = Release;
		};
		2FB95FC62AD87CEC00DF96DD /* Build configuration list for PBXNativeTarget "Github" */ = {
			isa = XCConfigurationList;
			buildConfigurations = (
				2FB95FC72AD87CEC00DF96DD /* Debug */,
				2FB95FC82AD87CEC00DF96DD /* Release */,
			);
			defaultConfigurationIsVisible = 0;
			defaultConfigurationName = Release;
		};
		2FB95FC92AD87CEC00DF96DD /* Build configuration list for PBXNativeTarget "GithubTests" */ = {
			isa = XCConfigurationList;
			buildConfigurations = (
				2FB95FCA2AD87CEC00DF96DD /* Debug */,
				2FB95FCB2AD87CEC00DF96DD /* Release */,
			);
			defaultConfigurationIsVisible = 0;
			defaultConfigurationName = Release;
		};
		2FB95FCC2AD87CEC00DF96DD /* Build configuration list for PBXNativeTarget "GithubUITests" */ = {
			isa = XCConfigurationList;
			buildConfigurations = (
				2FB95FCD2AD87CEC00DF96DD /* Debug */,
				2FB95FCE2AD87CEC00DF96DD /* Release */,
			);
			defaultConfigurationIsVisible = 0;
			defaultConfigurationName = Release;
		};
/* End XCConfigurationList section */
	};
	rootObject = 2FB95F942AD87CEA00DF96DD /* Project object */;
}
